
Microsoft Visual Studio Solution File, Format Version 12.00
# Visual Studio Version 17
VisualStudioVersion = 17.0.31903.59
MinimumVisualStudioVersion = 10.0.40219.1
Project("{FAE04EC0-301F-11D3-BF4B-00C04F79EFBC}") = "Chronos", "Chronos\Chronos.csproj", "{535A992B-3C38-4C0C-AC07-514A5D76CE1D}"
EndProject
Project("{FAE04EC0-301F-11D3-BF4B-00C04F79EFBC}") = "RandomTest", "RandomTest\RandomTest.csproj", "{14A49E3E-5A2E-4110-B92F-536A3BB9CAD6}"
EndProject
Project("{FAE04EC0-301F-11D3-BF4B-00C04F79EFBC}") = "RandDice", "RandDice\RandDice.csproj", "{CD37BE35-5671-42B2-A37D-0E9F63C7A50C}"
EndProject
Project("{FAE04EC0-301F-11D3-BF4B-00C04F79EFBC}") = "MyGame", "MyGame\MyGame.csproj", "{6BA0D0A0-D0EF-4C8B-B570-2F2C31EF7265}"
EndProject
Global
	GlobalSection(SolutionConfigurationPlatforms) = preSolution
		Debug|Any CPU = Debug|Any CPU
		Release|Any CPU = Release|Any CPU
	EndGlobalSection
	GlobalSection(SolutionProperties) = preSolution
		HideSolutionNode = FALSE
	EndGlobalSection
	GlobalSection(ProjectConfigurationPlatforms) = postSolution
		{535A992B-3C38-4C0C-AC07-514A5D76CE1D}.Debug|Any CPU.ActiveCfg = Debug|Any CPU
		{535A992B-3C38-4C0C-AC07-514A5D76CE1D}.Debug|Any CPU.Build.0 = Debug|Any CPU
		{535A992B-3C38-4C0C-AC07-514A5D76CE1D}.Release|Any CPU.ActiveCfg = Release|Any CPU
		{535A992B-3C38-4C0C-AC07-514A5D76CE1D}.Release|Any CPU.Build.0 = Release|Any CPU
		{14A49E3E-5A2E-4110-B92F-536A3BB9CAD6}.Debug|Any CPU.ActiveCfg = Debug|Any CPU
		{14A49E3E-5A2E-4110-B92F-536A3BB9CAD6}.Debug|Any CPU.Build.0 = Debug|Any CPU
		{14A49E3E-5A2E-4110-B92F-536A3BB9CAD6}.Release|Any CPU.ActiveCfg = Release|Any CPU
		{14A49E3E-5A2E-4110-B92F-536A3BB9CAD6}.Release|Any CPU.Build.0 = Release|Any CPU
		{CD37BE35-5671-42B2-A37D-0E9F63C7A50C}.Debug|Any CPU.ActiveCfg = Debug|Any CPU
		{CD37BE35-5671-42B2-A37D-0E9F63C7A50C}.Debug|Any CPU.Build.0 = Debug|Any CPU
		{CD37BE35-5671-42B2-A37D-0E9F63C7A50C}.Release|Any CPU.ActiveCfg = Release|Any CPU
		{CD37BE35-5671-42B2-A37D-0E9F63C7A50C}.Release|Any CPU.Build.0 = Release|Any CPU
		{6BA0D0A0-D0EF-4C8B-B570-2F2C31EF7265}.Debug|Any CPU.ActiveCfg = Debug|Any CPU
		{6BA0D0A0-D0EF-4C8B-B570-2F2C31EF7265}.Debug|Any CPU.Build.0 = Debug|Any CPU
		{6BA0D0A0-D0EF-4C8B-B570-2F2C31EF7265}.Release|Any CPU.ActiveCfg = Release|Any CPU
		{6BA0D0A0-D0EF-4C8B-B570-2F2C31EF7265}.Release|Any CPU.Build.0 = Release|Any CPU
	EndGlobalSection
EndGlobal
